// !$*UTF8*$!
{
	archiveVersion = 1;
	classes = {
	};
	objectVersion = 46;
	objects = {

/* Begin PBXBuildFile section */
		A3C6F7D7B0014370D97FA0B3 /* libPods.a in Frameworks */ = {isa = PBXBuildFile; fileRef = A48C89370C83B68F671D80B8 /* libPods.a */; };
		CA8F12D31AD76606000F8997 /* PhotosViewController.swift in Sources */ = {isa = PBXBuildFile; fileRef = CA8F12D21AD76606000F8997 /* PhotosViewController.swift */; };
		CA8F12D51AD7695F000F8997 /* photoCell.swift in Sources */ = {isa = PBXBuildFile; fileRef = CA8F12D41AD7695F000F8997 /* photoCell.swift */; };
		CA8F12DA1AD76AA4000F8997 /* PhotosDetailsViewController.swift in Sources */ = {isa = PBXBuildFile; fileRef = CA8F12D91AD76AA4000F8997 /* PhotosDetailsViewController.swift */; };
		CA9E83DE1AD6F95C00884D2F /* AppDelegate.swift in Sources */ = {isa = PBXBuildFile; fileRef = CA9E83DD1AD6F95C00884D2F /* AppDelegate.swift */; };
		CA9E83E01AD6F95C00884D2F /* ViewController.swift in Sources */ = {isa = PBXBuildFile; fileRef = CA9E83DF1AD6F95C00884D2F /* ViewController.swift */; };
		CA9E83E31AD6F95C00884D2F /* Main.storyboard in Resources */ = {isa = PBXBuildFile; fileRef = CA9E83E11AD6F95C00884D2F /* Main.storyboard */; };
		CA9E83E51AD6F95C00884D2F /* Images.xcassets in Resources */ = {isa = PBXBuildFile; fileRef = CA9E83E41AD6F95C00884D2F /* Images.xcassets */; };
		CA9E83E81AD6F95C00884D2F /* LaunchScreen.xib in Resources */ = {isa = PBXBuildFile; fileRef = CA9E83E61AD6F95C00884D2F /* LaunchScreen.xib */; };
		CA9E83F41AD6F95C00884D2F /* instagramTests.swift in Sources */ = {isa = PBXBuildFile; fileRef = CA9E83F31AD6F95C00884D2F /* instagramTests.swift */; };
/* End PBXBuildFile section */

/* Begin PBXContainerItemProxy section */
		CA9E83EE1AD6F95C00884D2F /* PBXContainerItemProxy */ = {
			isa = PBXContainerItemProxy;
			containerPortal = CA9E83D01AD6F95C00884D2F /* Project object */;
			proxyType = 1;
			remoteGlobalIDString = CA9E83D71AD6F95C00884D2F;
			remoteInfo = instagram;
		};
/* End PBXContainerItemProxy section */

/* Begin PBXFileReference section */
		A48C89370C83B68F671D80B8 /* libPods.a */ = {isa = PBXFileReference; explicitFileType = archive.ar; includeInIndex = 0; path = libPods.a; sourceTree = BUILT_PRODUCTS_DIR; };
		CA8F12D21AD76606000F8997 /* PhotosViewController.swift */ = {isa = PBXFileReference; fileEncoding = 4; lastKnownFileType = sourcecode.swift; path = PhotosViewController.swift; sourceTree = "<group>"; };
		CA8F12D41AD7695F000F8997 /* photoCell.swift */ = {isa = PBXFileReference; fileEncoding = 4; lastKnownFileType = sourcecode.swift; path = photoCell.swift; sourceTree = "<group>"; };
		CA8F12D61AD769FD000F8997 /* instagram-Bridging-Header.h */ = {isa = PBXFileReference; lastKnownFileType = sourcecode.c.h; path = "instagram-Bridging-Header.h"; sourceTree = "<group>"; };
		CA8F12D91AD76AA4000F8997 /* PhotosDetailsViewController.swift */ = {isa = PBXFileReference; fileEncoding = 4; lastKnownFileType = sourcecode.swift; path = PhotosDetailsViewController.swift; sourceTree = "<group>"; };
		CA9E83D81AD6F95C00884D2F /* instagram.app */ = {isa = PBXFileReference; explicitFileType = wrapper.application; includeInIndex = 0; path = instagram.app; sourceTree = BUILT_PRODUCTS_DIR; };
		CA9E83DC1AD6F95C00884D2F /* Info.plist */ = {isa = PBXFileReference; lastKnownFileType = text.plist.xml; path = Info.plist; sourceTree = "<group>"; };
		CA9E83DD1AD6F95C00884D2F /* AppDelegate.swift */ = {isa = PBXFileReference; lastKnownFileType = sourcecode.swift; path = AppDelegate.swift; sourceTree = "<group>"; };
		CA9E83DF1AD6F95C00884D2F /* ViewController.swift */ = {isa = PBXFileReference; lastKnownFileType = sourcecode.swift; path = ViewController.swift; sourceTree = "<group>"; };
		CA9E83E21AD6F95C00884D2F /* Base */ = {isa = PBXFileReference; lastKnownFileType = file.storyboard; name = Base; path = Base.lproj/Main.storyboard; sourceTree = "<group>"; };
		CA9E83E41AD6F95C00884D2F /* Images.xcassets */ = {isa = PBXFileReference; lastKnownFileType = folder.assetcatalog; path = Images.xcassets; sourceTree = "<group>"; };
		CA9E83E71AD6F95C00884D2F /* Base */ = {isa = PBXFileReference; lastKnownFileType = file.xib; name = Base; path = Base.lproj/LaunchScreen.xib; sourceTree = "<group>"; };
		CA9E83ED1AD6F95C00884D2F /* instagramTests.xctest */ = {isa = PBXFileReference; explicitFileType = wrapper.cfbundle; includeInIndex = 0; path = instagramTests.xctest; sourceTree = BUILT_PRODUCTS_DIR; };
		CA9E83F21AD6F95C00884D2F /* Info.plist */ = {isa = PBXFileReference; lastKnownFileType = text.plist.xml; path = Info.plist; sourceTree = "<group>"; };
		CA9E83F31AD6F95C00884D2F /* instagramTests.swift */ = {isa = PBXFileReference; lastKnownFileType = sourcecode.swift; path = instagramTests.swift; sourceTree = "<group>"; };
		E14677F578AAE43349F6660A /* Pods.debug.xcconfig */ = {isa = PBXFileReference; includeInIndex = 1; lastKnownFileType = text.xcconfig; name = Pods.debug.xcconfig; path = "Pods/Target Support Files/Pods/Pods.debug.xcconfig"; sourceTree = "<group>"; };
		FF34D09B67A738D1BB74EC1F /* Pods.release.xcconfig */ = {isa = PBXFileReference; includeInIndex = 1; lastKnownFileType = text.xcconfig; name = Pods.release.xcconfig; path = "Pods/Target Support Files/Pods/Pods.release.xcconfig"; sourceTree = "<group>"; };
/* End PBXFileReference section */

/* Begin PBXFrameworksBuildPhase section */
		CA9E83D51AD6F95C00884D2F /* Frameworks */ = {
			isa = PBXFrameworksBuildPhase;
			buildActionMask = 2147483647;
			files = (
				A3C6F7D7B0014370D97FA0B3 /* libPods.a in Frameworks */,
			);
			runOnlyForDeploymentPostprocessing = 0;
		};
		CA9E83EA1AD6F95C00884D2F /* Frameworks */ = {
			isa = PBXFrameworksBuildPhase;
			buildActionMask = 2147483647;
			files = (
			);
			runOnlyForDeploymentPostprocessing = 0;
		};
/* End PBXFrameworksBuildPhase section */

/* Begin PBXGroup section */
		4C1E58155FE7D51AA618E7CF /* Pods */ = {
			isa = PBXGroup;
			children = (
				E14677F578AAE43349F6660A /* Pods.debug.xcconfig */,
				FF34D09B67A738D1BB74EC1F /* Pods.release.xcconfig */,
			);
			name = Pods;
			sourceTree = "<group>";
		};
		CA9E83CF1AD6F95C00884D2F = {
			isa = PBXGroup;
			children = (
				CA9E83DA1AD6F95C00884D2F /* instagram */,
				CA9E83F01AD6F95C00884D2F /* instagramTests */,
				CA9E83D91AD6F95C00884D2F /* Products */,
				4C1E58155FE7D51AA618E7CF /* Pods */,
				E38F38F20C6142F3303B625C /* Frameworks */,
			);
			sourceTree = "<group>";
		};
		CA9E83D91AD6F95C00884D2F /* Products */ = {
			isa = PBXGroup;
			children = (
				CA9E83D81AD6F95C00884D2F /* instagram.app */,
				CA9E83ED1AD6F95C00884D2F /* instagramTests.xctest */,
			);
			name = Products;
			sourceTree = "<group>";
		};
		CA9E83DA1AD6F95C00884D2F /* instagram */ = {
			isa = PBXGroup;
			children = (
				CA9E83DD1AD6F95C00884D2F /* AppDelegate.swift */,
				CA9E83DF1AD6F95C00884D2F /* ViewController.swift */,
				CA9E83E11AD6F95C00884D2F /* Main.storyboard */,
				CA9E83E41AD6F95C00884D2F /* Images.xcassets */,
				CA9E83E61AD6F95C00884D2F /* LaunchScreen.xib */,
				CA9E83DB1AD6F95C00884D2F /* Supporting Files */,
				CA8F12D21AD76606000F8997 /* PhotosViewController.swift */,
				CA8F12D41AD7695F000F8997 /* photoCell.swift */,
				CA8F12D61AD769FD000F8997 /* instagram-Bridging-Header.h */,
				CA8F12D91AD76AA4000F8997 /* PhotosDetailsViewController.swift */,
			);
			path = instagram;
			sourceTree = "<group>";
		};
		CA9E83DB1AD6F95C00884D2F /* Supporting Files */ = {
			isa = PBXGroup;
			children = (
				CA9E83DC1AD6F95C00884D2F /* Info.plist */,
			);
			name = "Supporting Files";
			sourceTree = "<group>";
		};
		CA9E83F01AD6F95C00884D2F /* instagramTests */ = {
			isa = PBXGroup;
			children = (
				CA9E83F31AD6F95C00884D2F /* instagramTests.swift */,
				CA9E83F11AD6F95C00884D2F /* Supporting Files */,
			);
			path = instagramTests;
			sourceTree = "<group>";
		};
		CA9E83F11AD6F95C00884D2F /* Supporting Files */ = {
			isa = PBXGroup;
			children = (
				CA9E83F21AD6F95C00884D2F /* Info.plist */,
			);
			name = "Supporting Files";
			sourceTree = "<group>";
		};
		E38F38F20C6142F3303B625C /* Frameworks */ = {
			isa = PBXGroup;
			children = (
				A48C89370C83B68F671D80B8 /* libPods.a */,
			);
			name = Frameworks;
			sourceTree = "<group>";
		};
/* End PBXGroup section */

/* Begin PBXNativeTarget section */
		CA9E83D71AD6F95C00884D2F /* instagram */ = {
			isa = PBXNativeTarget;
			buildConfigurationList = CA9E83F71AD6F95C00884D2F /* Build configuration list for PBXNativeTarget "instagram" */;
			buildPhases = (
				C00740C67F8E939CE2B36764 /* Check Pods Manifest.lock */,
				CA9E83D41AD6F95C00884D2F /* Sources */,
				CA9E83D51AD6F95C00884D2F /* Frameworks */,
				CA9E83D61AD6F95C00884D2F /* Resources */,
				84640F26C26375992BE2A1D9 /* Copy Pods Resources */,
			);
			buildRules = (
			);
			dependencies = (
			);
			name = instagram;
			productName = instagram;
			productReference = CA9E83D81AD6F95C00884D2F /* instagram.app */;
			productType = "com.apple.product-type.application";
		};
		CA9E83EC1AD6F95C00884D2F /* instagramTests */ = {
			isa = PBXNativeTarget;
			buildConfigurationList = CA9E83FA1AD6F95C00884D2F /* Build configuration list for PBXNativeTarget "instagramTests" */;
			buildPhases = (
				CA9E83E91AD6F95C00884D2F /* Sources */,
				CA9E83EA1AD6F95C00884D2F /* Frameworks */,
				CA9E83EB1AD6F95C00884D2F /* Resources */,
			);
			buildRules = (
			);
			dependencies = (
				CA9E83EF1AD6F95C00884D2F /* PBXTargetDependency */,
			);
			name = instagramTests;
			productName = instagramTests;
			productReference = CA9E83ED1AD6F95C00884D2F /* instagramTests.xctest */;
			productType = "com.apple.product-type.bundle.unit-test";
		};
/* End PBXNativeTarget section */

/* Begin PBXProject section */
		CA9E83D01AD6F95C00884D2F /* Project object */ = {
			isa = PBXProject;
			attributes = {
				LastUpgradeCheck = 0620;
				ORGANIZATIONNAME = "Bryan McLellan";
				TargetAttributes = {
					CA9E83D71AD6F95C00884D2F = {
						CreatedOnToolsVersion = 6.2;
					};
					CA9E83EC1AD6F95C00884D2F = {
						CreatedOnToolsVersion = 6.2;
						TestTargetID = CA9E83D71AD6F95C00884D2F;
					};
				};
			};
			buildConfigurationList = CA9E83D31AD6F95C00884D2F /* Build configuration list for PBXProject "instagram" */;
			compatibilityVersion = "Xcode 3.2";
			developmentRegion = English;
			hasScannedForEncodings = 0;
			knownRegions = (
				en,
				Base,
			);
			mainGroup = CA9E83CF1AD6F95C00884D2F;
			productRefGroup = CA9E83D91AD6F95C00884D2F /* Products */;
			projectDirPath = "";
			projectRoot = "";
			targets = (
				CA9E83D71AD6F95C00884D2F /* instagram */,
				CA9E83EC1AD6F95C00884D2F /* instagramTests */,
			);
		};
/* End PBXProject section */

/* Begin PBXResourcesBuildPhase section */
		CA9E83D61AD6F95C00884D2F /* Resources */ = {
			isa = PBXResourcesBuildPhase;
			buildActionMask = 2147483647;
			files = (
				CA9E83E31AD6F95C00884D2F /* Main.storyboard in Resources */,
				CA9E83E81AD6F95C00884D2F /* LaunchScreen.xib in Resources */,
				CA9E83E51AD6F95C00884D2F /* Images.xcassets in Resources */,
			);
			runOnlyForDeploymentPostprocessing = 0;
		};
		CA9E83EB1AD6F95C00884D2F /* Resources */ = {
			isa = PBXResourcesBuildPhase;
			buildActionMask = 2147483647;
			files = (
			);
			runOnlyForDeploymentPostprocessing = 0;
		};
/* End PBXResourcesBuildPhase section */

/* Begin PBXShellScriptBuildPhase section */
		84640F26C26375992BE2A1D9 /* Copy Pods Resources */ = {
			isa = PBXShellScriptBuildPhase;
			buildActionMask = 2147483647;
			files = (
			);
			inputPaths = (
			);
			name = "Copy Pods Resources";
			outputPaths = (
			);
			runOnlyForDeploymentPostprocessing = 0;
			shellPath = /bin/sh;
			shellScript = "\"${SRCROOT}/Pods/Target Support Files/Pods/Pods-resources.sh\"\n";
			showEnvVarsInLog = 0;
		};
		C00740C67F8E939CE2B36764 /* Check Pods Manifest.lock */ = {
			isa = PBXShellScriptBuildPhase;
			buildActionMask = 2147483647;
			files = (
			);
			inputPaths = (
			);
			name = "Check Pods Manifest.lock";
			outputPaths = (
			);
			runOnlyForDeploymentPostprocessing = 0;
			shellPath = /bin/sh;
			shellScript = "diff \"${PODS_ROOT}/../Podfile.lock\" \"${PODS_ROOT}/Manifest.lock\" > /dev/null\nif [[ $? != 0 ]] ; then\n    cat << EOM\nerror: The sandbox is not in sync with the Podfile.lock. Run 'pod install' or update your CocoaPods installation.\nEOM\n    exit 1\nfi\n";
			showEnvVarsInLog = 0;
		};
/* End PBXShellScriptBuildPhase section */

/* Begin PBXSourcesBuildPhase section */
		CA9E83D41AD6F95C00884D2F /* Sources */ = {
			isa = PBXSourcesBuildPhase;
			buildActionMask = 2147483647;
			files = (
				CA8F12D51AD7695F000F8997 /* photoCell.swift in Sources */,
				CA8F12D31AD76606000F8997 /* PhotosViewController.swift in Sources */,
				CA9E83E01AD6F95C00884D2F /* ViewController.swift in Sources */,
				CA8F12DA1AD76AA4000F8997 /* PhotosDetailsViewController.swift in Sources */,
				CA9E83DE1AD6F95C00884D2F /* AppDelegate.swift in Sources */,
			);
			runOnlyForDeploymentPostprocessing = 0;
		};
		CA9E83E91AD6F95C00884D2F /* Sources */ = {
			isa = PBXSourcesBuildPhase;
			buildActionMask = 2147483647;
			files = (
				CA9E83F41AD6F95C00884D2F /* instagramTests.swift in Sources */,
			);
			runOnlyForDeploymentPostprocessing = 0;
		};
/* End PBXSourcesBuildPhase section */

/* Begin PBXTargetDependency section */
		CA9E83EF1AD6F95C00884D2F /* PBXTargetDependency */ = {
			isa = PBXTargetDependency;
			target = CA9E83D71AD6F95C00884D2F /* instagram */;
			targetProxy = CA9E83EE1AD6F95C00884D2F /* PBXContainerItemProxy */;
		};
/* End PBXTargetDependency section */

/* Begin PBXVariantGroup section */
		CA9E83E11AD6F95C00884D2F /* Main.storyboard */ = {
			isa = PBXVariantGroup;
			children = (
				CA9E83E21AD6F95C00884D2F /* Base */,
			);
			name = Main.storyboard;
			sourceTree = "<group>";
		};
		CA9E83E61AD6F95C00884D2F /* LaunchScreen.xib */ = {
			isa = PBXVariantGroup;
			children = (
				CA9E83E71AD6F95C00884D2F /* Base */,
			);
			name = LaunchScreen.xib;
			sourceTree = "<group>";
		};
/* End PBXVariantGroup section */

/* Begin XCBuildConfiguration section */
		CA9E83F51AD6F95C00884D2F /* Debug */ = {
			isa = XCBuildConfiguration;
			buildSettings = {
				ALWAYS_SEARCH_USER_PATHS = NO;
				CLANG_CXX_LANGUAGE_STANDARD = "gnu++0x";
				CLANG_CXX_LIBRARY = "libc++";
				CLANG_ENABLE_MODULES = YES;
				CLANG_ENABLE_OBJC_ARC = YES;
				CLANG_WARN_BOOL_CONVERSION = YES;
				CLANG_WARN_CONSTANT_CONVERSION = YES;
				CLANG_WARN_DIRECT_OBJC_ISA_USAGE = YES_ERROR;
				CLANG_WARN_EMPTY_BODY = YES;
				CLANG_WARN_ENUM_CONVERSION = YES;
				CLANG_WARN_INT_CONVERSION = YES;
				CLANG_WARN_OBJC_ROOT_CLASS = YES_ERROR;
				CLANG_WARN_UNREACHABLE_CODE = YES;
				CLANG_WARN__DUPLICATE_METHOD_MATCH = YES;
				"CODE_SIGN_IDENTITY[sdk=iphoneos*]" = "iPhone Developer";
				COPY_PHASE_STRIP = NO;
				ENABLE_STRICT_OBJC_MSGSEND = YES;
				GCC_C_LANGUAGE_STANDARD = gnu99;
				GCC_DYNAMIC_NO_PIC = NO;
				GCC_OPTIMIZATION_LEVEL = 0;
				GCC_PREPROCESSOR_DEFINITIONS = (
					"DEBUG=1",
					"$(inherited)",
				);
				GCC_SYMBOLS_PRIVATE_EXTERN = NO;
				GCC_WARN_64_TO_32_BIT_CONVERSION = YES;
				GCC_WARN_ABOUT_RETURN_TYPE = YES_ERROR;
				GCC_WARN_UNDECLARED_SELECTOR = YES;
				GCC_WARN_UNINITIALIZED_AUTOS = YES_AGGRESSIVE;
				GCC_WARN_UNUSED_FUNCTION = YES;
				GCC_WARN_UNUSED_VARIABLE = YES;
				IPHONEOS_DEPLOYMENT_TARGET = 8.2;
				MTL_ENABLE_DEBUG_INFO = YES;
				ONLY_ACTIVE_ARCH = YES;
				SDKROOT = iphoneos;
				SWIFT_OPTIMIZATION_LEVEL = "-Onone";
			};
			name = Debug;
		};
		CA9E83F61AD6F95C00884D2F /* Release */ = {
			isa = XCBuildConfiguration;
			buildSettings = {
				ALWAYS_SEARCH_USER_PATHS = NO;
				CLANG_CXX_LANGUAGE_STANDARD = "gnu++0x";
				CLANG_CXX_LIBRARY = "libc++";
				CLANG_ENABLE_MODULES = YES;
				CLANG_ENABLE_OBJC_ARC = YES;
				CLANG_WARN_BOOL_CONVERSION = YES;
				CLANG_WARN_CONSTANT_CONVERSION = YES;
				CLANG_WARN_DIRECT_OBJC_ISA_USAGE = YES_ERROR;
				CLANG_WARN_EMPTY_BODY = YES;
				CLANG_WARN_ENUM_CONVERSION = YES;
				CLANG_WARN_INT_CONVERSION = YES;
				CLANG_WARN_OBJC_ROOT_CLASS = YES_ERROR;
				CLANG_WARN_UNREACHABLE_CODE = YES;
				CLANG_WARN__DUPLICATE_METHOD_MATCH = YES;
				"CODE_SIGN_IDENTITY[sdk=iphoneos*]" = "iPhone Developer";
				COPY_PHASE_STRIP = NO;
				ENABLE_NS_ASSERTIONS = NO;
				ENABLE_STRICT_OBJC_MSGSEND = YES;
				GCC_C_LANGUAGE_STANDARD = gnu99;
				GCC_WARN_64_TO_32_BIT_CONVERSION = YES;
				GCC_WARN_ABOUT_RETURN_TYPE = YES_ERROR;
				GCC_WARN_UNDECLARED_SELECTOR = YES;
				GCC_WARN_UNINITIALIZED_AUTOS = YES_AGGRESSIVE;
				GCC_WARN_UNUSED_FUNCTION = YES;
				GCC_WARN_UNUSED_VARIABLE = YES;
				IPHONEOS_DEPLOYMENT_TARGET = 8.2;
				MTL_ENABLE_DEBUG_INFO = NO;
				SDKROOT = iphoneos;
				VALIDATE_PRODUCT = YES;
			};
			name = Release;
		};
		CA9E83F81AD6F95C00884D2F /* Debug */ = {
			isa = XCBuildConfiguration;
			baseConfigurationReference = E14677F578AAE43349F6660A /* Pods.debug.xcconfig */;
			buildSettings = {
				ASSETCATALOG_COMPILER_APPICON_NAME = AppIcon;
				CLANG_ENABLE_MODULES = YES;
				INFOPLIST_FILE = instagram/Info.plist;
				LD_RUNPATH_SEARCH_PATHS = "$(inherited) @executable_path/Frameworks";
				PRODUCT_NAME = "$(TARGET_NAME)";
				SWIFT_OBJC_BRIDGING_HEADER = "instagram/instagram-Bridging-Header.h";
				SWIFT_OPTIMIZATION_LEVEL = "-Onone";
			};
			name = Debug;
		};
		CA9E83F91AD6F95C00884D2F /* Release */ = {
			isa = XCBuildConfiguration;
			baseConfigurationReference = FF34D09B67A738D1BB74EC1F /* Pods.release.xcconfig */;
			buildSettings = {
				ASSETCATALOG_COMPILER_APPICON_NAME = AppIcon;
				CLANG_ENABLE_MODULES = YES;
				INFOPLIST_FILE = instagram/Info.plist;
				LD_RUNPATH_SEARCH_PATHS = "$(inherited) @executable_path/Frameworks";
				PRODUCT_NAME = "$(TARGET_NAME)";
				SWIFT_OBJC_BRIDGING_HEADER = "instagram/instagram-Bridging-Header.h";
			};
			name = Release;
		};
		CA9E83FB1AD6F95C00884D2F /* Debug */ = {
			isa = XCBuildConfiguration;
			buildSettings = {
				BUNDLE_LOADER = "$(TEST_HOST)";
				FRAMEWORK_SEARCH_PATHS = (
					"$(SDKROOT)/Developer/Library/Frameworks",
					"$(inherited)",
				);
				GCC_PREPROCESSOR_DEFINITIONS = (
					"DEBUG=1",
					"$(inherited)",
				);
				INFOPLIST_FILE = instagramTests/Info.plist;
				LD_RUNPATH_SEARCH_PATHS = "$(inherited) @executable_path/Frameworks @loader_path/Frameworks";
				PRODUCT_NAME = "$(TARGET_NAME)";
				TEST_HOST = "$(BUILT_PRODUCTS_DIR)/instagram.app/instagram";
			};
			name = Debug;
		};
		CA9E83FC1AD6F95C00884D2F /* Release */ = {
			isa = XCBuildConfiguration;
			buildSettings = {
				BUNDLE_LOADER = "$(TEST_HOST)";
				FRAMEWORK_SEARCH_PATHS = (
					"$(SDKROOT)/Developer/Library/Frameworks",
					"$(inherited)",
				);
				INFOPLIST_FILE = instagramTests/Info.plist;
				LD_RUNPATH_SEARCH_PATHS = "$(inherited) @executable_path/Frameworks @loader_path/Frameworks";
				PRODUCT_NAME = "$(TARGET_NAME)";
				TEST_HOST = "$(BUILT_PRODUCTS_DIR)/instagram.app/instagram";
			};
			name = Release;
		};
/* End XCBuildConfiguration section */

/* Begin XCConfigurationList section */
		CA9E83D31AD6F95C00884D2F /* Build configuration list for PBXProject "instagram" */ = {
			isa = XCConfigurationList;
			buildConfigurations = (
				CA9E83F51AD6F95C00884D2F /* Debug */,
				CA9E83F61AD6F95C00884D2F /* Release */,
			);
			defaultConfigurationIsVisible = 0;
			defaultConfigurationName = Release;
		};
		CA9E83F71AD6F95C00884D2F /* Build configuration list for PBXNativeTarget "instagram" */ = {
			isa = XCConfigurationList;
			buildConfigurations = (
				CA9E83F81AD6F95C00884D2F /* Debug */,
				CA9E83F91AD6F95C00884D2F /* Release */,
			);
			defaultConfigurationIsVisible = 0;
			defaultConfigurationName = Release;
		};
		CA9E83FA1AD6F95C00884D2F /* Build configuration list for PBXNativeTarget "instagramTests" */ = {
			isa = XCConfigurationList;
			buildConfigurations = (
				CA9E83FB1AD6F95C00884D2F /* Debug */,
				CA9E83FC1AD6F95C00884D2F /* Release */,
			);
			defaultConfigurationIsVisible = 0;
			defaultConfigurationName = Release;
		};
/* End XCConfigurationList section */
	};
	rootObject = CA9E83D01AD6F95C00884D2F /* Project object */;
}
